
Microsoft Visual Studio Solution File, Format Version 12.00
# Visual Studio 2012
Project("{FAE04EC0-301F-11D3-BF4B-00C04F79EFBC}") = "MoesifMiddlewareExample", "MoesifMiddlewareExample\MoesifMiddlewareExample.csproj", "{52EA1051-A6F5-47AF-9530-15D43469518B}"
EndProject
Global
	GlobalSection(SolutionConfigurationPlatforms) = preSolution
		Debug|Any CPU = Debug|Any CPU
		Release|Any CPU = Release|Any CPU
	EndGlobalSection
	GlobalSection(ProjectConfigurationPlatforms) = postSolution
		{52EA1051-A6F5-47AF-9530-15D43469518B}.Debug|Any CPU.ActiveCfg = Debug|Any CPU
		{52EA1051-A6F5-47AF-9530-15D43469518B}.Debug|Any CPU.Build.0 = Debug|Any CPU
		{52EA1051-A6F5-47AF-9530-15D43469518B}.Release|Any CPU.ActiveCfg = Release|Any CPU
		{52EA1051-A6F5-47AF-9530-15D43469518B}.Release|Any CPU.Build.0 = Release|Any CPU
	EndGlobalSection
EndGlobal
