
Microsoft Visual Studio Solution File, Format Version 12.00
# Visual Studio Version 16
VisualStudioVersion = 25.0.1706.12
MinimumVisualStudioVersion = 10.0.40219.1
Project("{FAE04EC0-301F-11D3-BF4B-00C04F79EFBC}") = "MoesifNet6Example", "MoesifNet6Example.csproj", "{48B798A9-4EDA-4B23-B2B4-020235F99ED4}"
EndProject
Global
	GlobalSection(SolutionConfigurationPlatforms) = preSolution
		Debug|Any CPU = Debug|Any CPU
		Release|Any CPU = Release|Any CPU
	EndGlobalSection
	GlobalSection(ProjectConfigurationPlatforms) = postSolution
		{48B798A9-4EDA-4B23-B2B4-020235F99ED4}.Debug|Any CPU.ActiveCfg = Debug|Any CPU
		{48B798A9-4EDA-4B23-B2B4-020235F99ED4}.Debug|Any CPU.Build.0 = Debug|Any CPU
		{48B798A9-4EDA-4B23-B2B4-020235F99ED4}.Release|Any CPU.ActiveCfg = Release|Any CPU
		{48B798A9-4EDA-4B23-B2B4-020235F99ED4}.Release|Any CPU.Build.0 = Release|Any CPU
	EndGlobalSection
	GlobalSection(SolutionProperties) = preSolution
		HideSolutionNode = FALSE
	EndGlobalSection
	GlobalSection(ExtensibilityGlobals) = postSolution
		SolutionGuid = {D04D81CB-E284-4661-9C3F-47D0CB37DFE0}
	EndGlobalSection
EndGlobal
